
Microsoft Visual Studio Solution File, Format Version 12.00
# Visual Studio 2013
VisualStudioVersion = 12.0.40629.0
MinimumVisualStudioVersion = 10.0.40219.1
Project("{FAE04EC0-301F-11D3-BF4B-00C04F79EFBC}") = "WPF", "WPF\WPF.csproj", "{A35546CE-F13A-497A-B562-B8602413CCA1}"
EndProject
Project("{FAE04EC0-301F-11D3-BF4B-00C04F79EFBC}") = "Enity", "Enity\Enity.csproj", "{5F22C1EB-D0F3-40A2-8B2F-3E727D8B714B}"
EndProject
Project("{FAE04EC0-301F-11D3-BF4B-00C04F79EFBC}") = "DataModel", "DataModel\DataModel.csproj", "{C43778A2-09FC-4360-8B7A-FCBED25435DF}"
EndProject
Project("{FAE04EC0-301F-11D3-BF4B-00C04F79EFBC}") = "ViewModel", "ViewModel\ViewModel.csproj", "{197E55DA-E2C7-42A2-9960-746546471D6C}"
EndProject
Project("{FAE04EC0-301F-11D3-BF4B-00C04F79EFBC}") = "API", "API\API.csproj", "{55B4E535-4C16-4F5B-8E4F-85D5842CA1A3}"
EndProject
Global
	GlobalSection(SolutionConfigurationPlatforms) = preSolution
		Debug|Any CPU = Debug|Any CPU
		Release|Any CPU = Release|Any CPU
	EndGlobalSection
	GlobalSection(ProjectConfigurationPlatforms) = postSolution
		{A35546CE-F13A-497A-B562-B8602413CCA1}.Debug|Any CPU.ActiveCfg = Debug|Any CPU
		{A35546CE-F13A-497A-B562-B8602413CCA1}.Debug|Any CPU.Build.0 = Debug|Any CPU
		{A35546CE-F13A-497A-B562-B8602413CCA1}.Release|Any CPU.ActiveCfg = Release|Any CPU
		{A35546CE-F13A-497A-B562-B8602413CCA1}.Release|Any CPU.Build.0 = Release|Any CPU
		{5F22C1EB-D0F3-40A2-8B2F-3E727D8B714B}.Debug|Any CPU.ActiveCfg = Debug|Any CPU
		{5F22C1EB-D0F3-40A2-8B2F-3E727D8B714B}.Debug|Any CPU.Build.0 = Debug|Any CPU
		{5F22C1EB-D0F3-40A2-8B2F-3E727D8B714B}.Release|Any CPU.ActiveCfg = Release|Any CPU
		{5F22C1EB-D0F3-40A2-8B2F-3E727D8B714B}.Release|Any CPU.Build.0 = Release|Any CPU
		{C43778A2-09FC-4360-8B7A-FCBED25435DF}.Debug|Any CPU.ActiveCfg = Debug|Any CPU
		{C43778A2-09FC-4360-8B7A-FCBED25435DF}.Debug|Any CPU.Build.0 = Debug|Any CPU
		{C43778A2-09FC-4360-8B7A-FCBED25435DF}.Release|Any CPU.ActiveCfg = Release|Any CPU
		{C43778A2-09FC-4360-8B7A-FCBED25435DF}.Release|Any CPU.Build.0 = Release|Any CPU
		{197E55DA-E2C7-42A2-9960-746546471D6C}.Debug|Any CPU.ActiveCfg = Debug|Any CPU
		{197E55DA-E2C7-42A2-9960-746546471D6C}.Debug|Any CPU.Build.0 = Debug|Any CPU
		{197E55DA-E2C7-42A2-9960-746546471D6C}.Release|Any CPU.ActiveCfg = Release|Any CPU
		{197E55DA-E2C7-42A2-9960-746546471D6C}.Release|Any CPU.Build.0 = Release|Any CPU
		{55B4E535-4C16-4F5B-8E4F-85D5842CA1A3}.Debug|Any CPU.ActiveCfg = Debug|Any CPU
		{55B4E535-4C16-4F5B-8E4F-85D5842CA1A3}.Debug|Any CPU.Build.0 = Debug|Any CPU
		{55B4E535-4C16-4F5B-8E4F-85D5842CA1A3}.Release|Any CPU.ActiveCfg = Release|Any CPU
		{55B4E535-4C16-4F5B-8E4F-85D5842CA1A3}.Release|Any CPU.Build.0 = Release|Any CPU
	EndGlobalSection
	GlobalSection(SolutionProperties) = preSolution
		HideSolutionNode = FALSE
	EndGlobalSection
EndGlobal
